
Microsoft Visual Studio Solution File, Format Version 12.00
# Visual Studio Version 17
VisualStudioVersion = 17.14.37111.16 d17.14
MinimumVisualStudioVersion = 10.0.40219.1
Project("{FAE04EC0-301F-11D3-BF4B-00C04F79EFBC}") = "test1", "test1\test1.csproj", "{5D6D285C-91AA-4EE0-B319-7493733E58DC}"
EndProject
Global
	GlobalSection(SolutionConfigurationPlatforms) = preSolution
		Debug|Any CPU = Debug|Any CPU
		Release|Any CPU = Release|Any CPU
	EndGlobalSection
	GlobalSection(ProjectConfigurationPlatforms) = postSolution
		{5D6D285C-91AA-4EE0-B319-7493733E58DC}.Debug|Any CPU.ActiveCfg = Debug|Any CPU
		{5D6D285C-91AA-4EE0-B319-7493733E58DC}.Debug|Any CPU.Build.0 = Debug|Any CPU
		{5D6D285C-91AA-4EE0-B319-7493733E58DC}.Release|Any CPU.ActiveCfg = Release|Any CPU
		{5D6D285C-91AA-4EE0-B319-7493733E58DC}.Release|Any CPU.Build.0 = Release|Any CPU
	EndGlobalSection
	GlobalSection(SolutionProperties) = preSolution
		HideSolutionNode = FALSE
	EndGlobalSection
	GlobalSection(ExtensibilityGlobals) = postSolution
		SolutionGuid = {A0235EB0-4C5B-454F-958C-7ACD776283A5}
	EndGlobalSection
EndGlobal
